// !$*UTF8*$!
{
	archiveVersion = 1;
	classes = {
	};
	objectVersion = 46;
	objects = {

/* Begin PBXBuildFile section */
		2C4BF99656A94AA19588707A /* libPods-stackmob-ios-push-sdkTests.a in Frameworks */ = {isa = PBXBuildFile; fileRef = 0AF7CF4D9DC24DFBA06A36B1 /* libPods-stackmob-ios-push-sdkTests.a */; };
		56404F2A15CCA439009CCAC1 /* StackMobCredentials.plist in Resources */ = {isa = PBXBuildFile; fileRef = 56404F2915CCA439009CCAC1 /* StackMobCredentials.plist */; };
		62C04C5FDC8E4D6988F56D5B /* libPods.a in Frameworks */ = {isa = PBXBuildFile; fileRef = D6D88D6737664C8DB6F854C1 /* libPods.a */; };
		CB240130EC29483CBA0EFCC0 /* libPods-integration-tests.a in Frameworks */ = {isa = PBXBuildFile; fileRef = 4F81C2D510494AD7891B2C9E /* libPods-integration-tests.a */; };
		DE655D9615D1C06C009CA786 /* SMVersion.h in Headers */ = {isa = PBXBuildFile; fileRef = DE655D9415D1C06C009CA786 /* SMVersion.h */; };
		DEBA174315CC91A500913CF8 /* Foundation.framework in Frameworks */ = {isa = PBXBuildFile; fileRef = DEBA174215CC91A500913CF8 /* Foundation.framework */; };
		DEBA175115CC91A500913CF8 /* SenTestingKit.framework in Frameworks */ = {isa = PBXBuildFile; fileRef = DEBA175015CC91A500913CF8 /* SenTestingKit.framework */; };
		DEBA175315CC91A600913CF8 /* UIKit.framework in Frameworks */ = {isa = PBXBuildFile; fileRef = DEBA175215CC91A600913CF8 /* UIKit.framework */; };
		DEBA175415CC91A600913CF8 /* Foundation.framework in Frameworks */ = {isa = PBXBuildFile; fileRef = DEBA174215CC91A500913CF8 /* Foundation.framework */; };
		DEBA175715CC91A600913CF8 /* libstackmob-ios-push-sdk.a in Frameworks */ = {isa = PBXBuildFile; fileRef = DEBA173F15CC91A500913CF8 /* libstackmob-ios-push-sdk.a */; };
		DEBA175D15CC91A600913CF8 /* InfoPlist.strings in Resources */ = {isa = PBXBuildFile; fileRef = DEBA175B15CC91A600913CF8 /* InfoPlist.strings */; };
		DEBA176F15CC91B400913CF8 /* SenTestingKit.framework in Frameworks */ = {isa = PBXBuildFile; fileRef = DEBA175015CC91A500913CF8 /* SenTestingKit.framework */; };
		DEBA177015CC91B400913CF8 /* UIKit.framework in Frameworks */ = {isa = PBXBuildFile; fileRef = DEBA175215CC91A600913CF8 /* UIKit.framework */; };
		DEBA177115CC91B400913CF8 /* Foundation.framework in Frameworks */ = {isa = PBXBuildFile; fileRef = DEBA174215CC91A500913CF8 /* Foundation.framework */; };
		DEBA177715CC91B400913CF8 /* InfoPlist.strings in Resources */ = {isa = PBXBuildFile; fileRef = DEBA177515CC91B400913CF8 /* InfoPlist.strings */; };
		DEBA178915CC931800913CF8 /* SMPushClientSpec.m in Sources */ = {isa = PBXBuildFile; fileRef = DEBA178815CC931800913CF8 /* SMPushClientSpec.m */; };
		DEBA179615CC935D00913CF8 /* SMJSONRequestOperation.h in Headers */ = {isa = PBXBuildFile; fileRef = DEBA178C15CC935D00913CF8 /* SMJSONRequestOperation.h */; };
		DEBA179715CC935D00913CF8 /* SMJSONRequestOperation.m in Sources */ = {isa = PBXBuildFile; fileRef = DEBA178D15CC935D00913CF8 /* SMJSONRequestOperation.m */; };
		DEBA179815CC935D00913CF8 /* SMOAuth1Client.h in Headers */ = {isa = PBXBuildFile; fileRef = DEBA178E15CC935D00913CF8 /* SMOAuth1Client.h */; };
		DEBA179915CC935D00913CF8 /* SMOAuth1Client.m in Sources */ = {isa = PBXBuildFile; fileRef = DEBA178F15CC935D00913CF8 /* SMOAuth1Client.m */; };
		DEBA179A15CC935D00913CF8 /* SMPushClient.h in Headers */ = {isa = PBXBuildFile; fileRef = DEBA179015CC935D00913CF8 /* SMPushClient.h */; };
		DEBA179B15CC935D00913CF8 /* SMPushClient.m in Sources */ = {isa = PBXBuildFile; fileRef = DEBA179115CC935D00913CF8 /* SMPushClient.m */; };
		DEBA179C15CC935D00913CF8 /* SMPushToken.h in Headers */ = {isa = PBXBuildFile; fileRef = DEBA179215CC935D00913CF8 /* SMPushToken.h */; };
		DEBA179D15CC935D00913CF8 /* SMPushToken.m in Sources */ = {isa = PBXBuildFile; fileRef = DEBA179315CC935D00913CF8 /* SMPushToken.m */; };
		DEBA179E15CC935D00913CF8 /* stackmob-ios-sdk-Prefix.pch in Headers */ = {isa = PBXBuildFile; fileRef = DEBA179415CC935D00913CF8 /* stackmob-ios-sdk-Prefix.pch */; };
		DEBA179F15CC935D00913CF8 /* StackMobPush.h in Headers */ = {isa = PBXBuildFile; fileRef = DEBA179515CC935D00913CF8 /* StackMobPush.h */; };
		DEBA17A315CC945000913CF8 /* SMIntegrationTestHelpers.m in Sources */ = {isa = PBXBuildFile; fileRef = DEBA17A115CC945000913CF8 /* SMIntegrationTestHelpers.m */; };
		DEBA17A415CC945000913CF8 /* SMPushClientIntegrationSpec.m in Sources */ = {isa = PBXBuildFile; fileRef = DEBA17A215CC945000913CF8 /* SMPushClientIntegrationSpec.m */; };
		DEBA17A615CC945B00913CF8 /* StackMobCredentials.plist.example in Resources */ = {isa = PBXBuildFile; fileRef = DEBA17A515CC945B00913CF8 /* StackMobCredentials.plist.example */; };
		DEBA17B515CC98EE00913CF8 /* libstackmob-ios-push-sdk.a in Frameworks */ = {isa = PBXBuildFile; fileRef = DEBA173F15CC91A500913CF8 /* libstackmob-ios-push-sdk.a */; };
/* End PBXBuildFile section */

/* Begin PBXContainerItemProxy section */
		DEBA175515CC91A600913CF8 /* PBXContainerItemProxy */ = {
			isa = PBXContainerItemProxy;
			containerPortal = DEBA173615CC91A500913CF8 /* Project object */;
			proxyType = 1;
			remoteGlobalIDString = DEBA173E15CC91A500913CF8;
			remoteInfo = "stackmob-ios-push-sdk";
		};
		DEBA17AD15CC97E000913CF8 /* PBXContainerItemProxy */ = {
			isa = PBXContainerItemProxy;
			containerPortal = DEBA173615CC91A500913CF8 /* Project object */;
			proxyType = 1;
			remoteGlobalIDString = DEBA173E15CC91A500913CF8;
			remoteInfo = "stackmob-ios-push-sdk";
		};
/* End PBXContainerItemProxy section */

/* Begin PBXFileReference section */
		0AF7CF4D9DC24DFBA06A36B1 /* libPods-stackmob-ios-push-sdkTests.a */ = {isa = PBXFileReference; explicitFileType = archive.ar; includeInIndex = 0; path = "libPods-stackmob-ios-push-sdkTests.a"; sourceTree = BUILT_PRODUCTS_DIR; };
		14A9F201FA8347C5B1D4D6C3 /* Pods.xcconfig */ = {isa = PBXFileReference; includeInIndex = 1; lastKnownFileType = text.xcconfig; name = Pods.xcconfig; path = Pods/Pods.xcconfig; sourceTree = SOURCE_ROOT; };
		1A440B0D98AD42FDBC5B3441 /* Pods-integration-tests.xcconfig */ = {isa = PBXFileReference; includeInIndex = 1; lastKnownFileType = text.xcconfig; name = "Pods-integration-tests.xcconfig"; path = "Pods/Pods-integration-tests.xcconfig"; sourceTree = SOURCE_ROOT; };
		4F81C2D510494AD7891B2C9E /* libPods-integration-tests.a */ = {isa = PBXFileReference; explicitFileType = archive.ar; includeInIndex = 0; path = "libPods-integration-tests.a"; sourceTree = BUILT_PRODUCTS_DIR; };
		56404F2915CCA439009CCAC1 /* StackMobCredentials.plist */ = {isa = PBXFileReference; fileEncoding = 4; lastKnownFileType = text.plist.xml; path = StackMobCredentials.plist; sourceTree = "<group>"; };
		62E062CD0C764A80BABDB4C6 /* Pods-stackmob-ios-push-sdkTests.xcconfig */ = {isa = PBXFileReference; includeInIndex = 1; lastKnownFileType = text.xcconfig; name = "Pods-stackmob-ios-push-sdkTests.xcconfig"; path = "Pods/Pods-stackmob-ios-push-sdkTests.xcconfig"; sourceTree = SOURCE_ROOT; };
		D6D88D6737664C8DB6F854C1 /* libPods.a */ = {isa = PBXFileReference; explicitFileType = archive.ar; includeInIndex = 0; path = libPods.a; sourceTree = BUILT_PRODUCTS_DIR; };
		DE655D9415D1C06C009CA786 /* SMVersion.h */ = {isa = PBXFileReference; fileEncoding = 4; lastKnownFileType = sourcecode.c.h; path = SMVersion.h; sourceTree = "<group>"; };
		DEBA173F15CC91A500913CF8 /* libstackmob-ios-push-sdk.a */ = {isa = PBXFileReference; explicitFileType = archive.ar; includeInIndex = 0; path = "libstackmob-ios-push-sdk.a"; sourceTree = BUILT_PRODUCTS_DIR; };
		DEBA174215CC91A500913CF8 /* Foundation.framework */ = {isa = PBXFileReference; includeInIndex = 1; lastKnownFileType = wrapper.framework; name = Foundation.framework; path = System/Library/Frameworks/Foundation.framework; sourceTree = SDKROOT; };
		DEBA174615CC91A500913CF8 /* stackmob-ios-push-sdk-Prefix.pch */ = {isa = PBXFileReference; lastKnownFileType = sourcecode.c.h; path = "stackmob-ios-push-sdk-Prefix.pch"; sourceTree = "<group>"; };
		DEBA174F15CC91A500913CF8 /* stackmob-ios-push-sdkTests.octest */ = {isa = PBXFileReference; explicitFileType = wrapper.cfbundle; includeInIndex = 0; path = "stackmob-ios-push-sdkTests.octest"; sourceTree = BUILT_PRODUCTS_DIR; };
		DEBA175015CC91A500913CF8 /* SenTestingKit.framework */ = {isa = PBXFileReference; includeInIndex = 1; lastKnownFileType = wrapper.framework; name = SenTestingKit.framework; path = Library/Frameworks/SenTestingKit.framework; sourceTree = DEVELOPER_DIR; };
		DEBA175215CC91A600913CF8 /* UIKit.framework */ = {isa = PBXFileReference; includeInIndex = 1; lastKnownFileType = wrapper.framework; name = UIKit.framework; path = Library/Frameworks/UIKit.framework; sourceTree = DEVELOPER_DIR; };
		DEBA175A15CC91A600913CF8 /* stackmob-ios-push-sdkTests-Info.plist */ = {isa = PBXFileReference; lastKnownFileType = text.plist.xml; path = "stackmob-ios-push-sdkTests-Info.plist"; sourceTree = "<group>"; };
		DEBA175C15CC91A600913CF8 /* en */ = {isa = PBXFileReference; lastKnownFileType = text.plist.strings; name = en; path = en.lproj/InfoPlist.strings; sourceTree = "<group>"; };
		DEBA176E15CC91B400913CF8 /* integration-tests.octest */ = {isa = PBXFileReference; explicitFileType = wrapper.cfbundle; includeInIndex = 0; path = "integration-tests.octest"; sourceTree = BUILT_PRODUCTS_DIR; };
		DEBA177415CC91B400913CF8 /* integration-tests-Info.plist */ = {isa = PBXFileReference; lastKnownFileType = text.plist.xml; path = "integration-tests-Info.plist"; sourceTree = "<group>"; };
		DEBA177615CC91B400913CF8 /* en */ = {isa = PBXFileReference; lastKnownFileType = text.plist.strings; name = en; path = en.lproj/InfoPlist.strings; sourceTree = "<group>"; };
		DEBA177B15CC91B400913CF8 /* integration-tests-Prefix.pch */ = {isa = PBXFileReference; lastKnownFileType = sourcecode.c.h; path = "integration-tests-Prefix.pch"; sourceTree = "<group>"; };
		DEBA178815CC931800913CF8 /* SMPushClientSpec.m */ = {isa = PBXFileReference; fileEncoding = 4; lastKnownFileType = sourcecode.c.objc; path = SMPushClientSpec.m; sourceTree = "<group>"; };
		DEBA178C15CC935D00913CF8 /* SMJSONRequestOperation.h */ = {isa = PBXFileReference; fileEncoding = 4; lastKnownFileType = sourcecode.c.h; path = SMJSONRequestOperation.h; sourceTree = "<group>"; };
		DEBA178D15CC935D00913CF8 /* SMJSONRequestOperation.m */ = {isa = PBXFileReference; fileEncoding = 4; lastKnownFileType = sourcecode.c.objc; path = SMJSONRequestOperation.m; sourceTree = "<group>"; };
		DEBA178E15CC935D00913CF8 /* SMOAuth1Client.h */ = {isa = PBXFileReference; fileEncoding = 4; lastKnownFileType = sourcecode.c.h; path = SMOAuth1Client.h; sourceTree = "<group>"; };
		DEBA178F15CC935D00913CF8 /* SMOAuth1Client.m */ = {isa = PBXFileReference; fileEncoding = 4; lastKnownFileType = sourcecode.c.objc; path = SMOAuth1Client.m; sourceTree = "<group>"; };
		DEBA179015CC935D00913CF8 /* SMPushClient.h */ = {isa = PBXFileReference; fileEncoding = 4; lastKnownFileType = sourcecode.c.h; path = SMPushClient.h; sourceTree = "<group>"; };
		DEBA179115CC935D00913CF8 /* SMPushClient.m */ = {isa = PBXFileReference; fileEncoding = 4; lastKnownFileType = sourcecode.c.objc; path = SMPushClient.m; sourceTree = "<group>"; };
		DEBA179215CC935D00913CF8 /* SMPushToken.h */ = {isa = PBXFileReference; fileEncoding = 4; lastKnownFileType = sourcecode.c.h; path = SMPushToken.h; sourceTree = "<group>"; };
		DEBA179315CC935D00913CF8 /* SMPushToken.m */ = {isa = PBXFileReference; fileEncoding = 4; lastKnownFileType = sourcecode.c.objc; path = SMPushToken.m; sourceTree = "<group>"; };
		DEBA179415CC935D00913CF8 /* stackmob-ios-sdk-Prefix.pch */ = {isa = PBXFileReference; fileEncoding = 4; lastKnownFileType = sourcecode.c.h; path = "stackmob-ios-sdk-Prefix.pch"; sourceTree = "<group>"; };
		DEBA179515CC935D00913CF8 /* StackMobPush.h */ = {isa = PBXFileReference; fileEncoding = 4; lastKnownFileType = sourcecode.c.h; path = StackMobPush.h; sourceTree = "<group>"; };
		DEBA17A015CC945000913CF8 /* SMIntegrationTestHelpers.h */ = {isa = PBXFileReference; fileEncoding = 4; lastKnownFileType = sourcecode.c.h; path = SMIntegrationTestHelpers.h; sourceTree = "<group>"; };
		DEBA17A115CC945000913CF8 /* SMIntegrationTestHelpers.m */ = {isa = PBXFileReference; fileEncoding = 4; lastKnownFileType = sourcecode.c.objc; path = SMIntegrationTestHelpers.m; sourceTree = "<group>"; };
		DEBA17A215CC945000913CF8 /* SMPushClientIntegrationSpec.m */ = {isa = PBXFileReference; fileEncoding = 4; lastKnownFileType = sourcecode.c.objc; path = SMPushClientIntegrationSpec.m; sourceTree = "<group>"; };
		DEBA17A515CC945B00913CF8 /* StackMobCredentials.plist.example */ = {isa = PBXFileReference; fileEncoding = 4; lastKnownFileType = text.xml; path = StackMobCredentials.plist.example; sourceTree = "<group>"; };
/* End PBXFileReference section */

/* Begin PBXFrameworksBuildPhase section */
		DEBA173C15CC91A500913CF8 /* Frameworks */ = {
			isa = PBXFrameworksBuildPhase;
			buildActionMask = 2147483647;
			files = (
				DEBA174315CC91A500913CF8 /* Foundation.framework in Frameworks */,
				62C04C5FDC8E4D6988F56D5B /* libPods.a in Frameworks */,
			);
			runOnlyForDeploymentPostprocessing = 0;
		};
		DEBA174B15CC91A500913CF8 /* Frameworks */ = {
			isa = PBXFrameworksBuildPhase;
			buildActionMask = 2147483647;
			files = (
				DEBA175115CC91A500913CF8 /* SenTestingKit.framework in Frameworks */,
				DEBA175315CC91A600913CF8 /* UIKit.framework in Frameworks */,
				DEBA175415CC91A600913CF8 /* Foundation.framework in Frameworks */,
				DEBA175715CC91A600913CF8 /* libstackmob-ios-push-sdk.a in Frameworks */,
				2C4BF99656A94AA19588707A /* libPods-stackmob-ios-push-sdkTests.a in Frameworks */,
			);
			runOnlyForDeploymentPostprocessing = 0;
		};
		DEBA176A15CC91B400913CF8 /* Frameworks */ = {
			isa = PBXFrameworksBuildPhase;
			buildActionMask = 2147483647;
			files = (
				DEBA17B515CC98EE00913CF8 /* libstackmob-ios-push-sdk.a in Frameworks */,
				DEBA176F15CC91B400913CF8 /* SenTestingKit.framework in Frameworks */,
				DEBA177015CC91B400913CF8 /* UIKit.framework in Frameworks */,
				DEBA177115CC91B400913CF8 /* Foundation.framework in Frameworks */,
				CB240130EC29483CBA0EFCC0 /* libPods-integration-tests.a in Frameworks */,
			);
			runOnlyForDeploymentPostprocessing = 0;
		};
/* End PBXFrameworksBuildPhase section */

/* Begin PBXGroup section */
		DEBA173415CC91A500913CF8 = {
			isa = PBXGroup;
			children = (
				DEBA174415CC91A500913CF8 /* stackmob-ios-push-sdk */,
				DEBA175815CC91A600913CF8 /* stackmob-ios-push-sdkTests */,
				DEBA177215CC91B400913CF8 /* integration-tests */,
				DEBA174115CC91A500913CF8 /* Frameworks */,
				DEBA174015CC91A500913CF8 /* Products */,
				1A440B0D98AD42FDBC5B3441 /* Pods-integration-tests.xcconfig */,
				14A9F201FA8347C5B1D4D6C3 /* Pods.xcconfig */,
				62E062CD0C764A80BABDB4C6 /* Pods-stackmob-ios-push-sdkTests.xcconfig */,
			);
			sourceTree = "<group>";
		};
		DEBA174015CC91A500913CF8 /* Products */ = {
			isa = PBXGroup;
			children = (
				DEBA173F15CC91A500913CF8 /* libstackmob-ios-push-sdk.a */,
				DEBA174F15CC91A500913CF8 /* stackmob-ios-push-sdkTests.octest */,
				DEBA176E15CC91B400913CF8 /* integration-tests.octest */,
			);
			name = Products;
			sourceTree = "<group>";
		};
		DEBA174115CC91A500913CF8 /* Frameworks */ = {
			isa = PBXGroup;
			children = (
				DEBA174215CC91A500913CF8 /* Foundation.framework */,
				DEBA175015CC91A500913CF8 /* SenTestingKit.framework */,
				DEBA175215CC91A600913CF8 /* UIKit.framework */,
				4F81C2D510494AD7891B2C9E /* libPods-integration-tests.a */,
				D6D88D6737664C8DB6F854C1 /* libPods.a */,
				0AF7CF4D9DC24DFBA06A36B1 /* libPods-stackmob-ios-push-sdkTests.a */,
			);
			name = Frameworks;
			sourceTree = "<group>";
		};
		DEBA174415CC91A500913CF8 /* stackmob-ios-push-sdk */ = {
			isa = PBXGroup;
			children = (
				DEBA178C15CC935D00913CF8 /* SMJSONRequestOperation.h */,
				DEBA178D15CC935D00913CF8 /* SMJSONRequestOperation.m */,
				DEBA178E15CC935D00913CF8 /* SMOAuth1Client.h */,
				DEBA178F15CC935D00913CF8 /* SMOAuth1Client.m */,
				DEBA179015CC935D00913CF8 /* SMPushClient.h */,
				DEBA179115CC935D00913CF8 /* SMPushClient.m */,
				DEBA179215CC935D00913CF8 /* SMPushToken.h */,
				DEBA179315CC935D00913CF8 /* SMPushToken.m */,
				DEBA179415CC935D00913CF8 /* stackmob-ios-sdk-Prefix.pch */,
				DEBA179515CC935D00913CF8 /* StackMobPush.h */,
				DE655D9415D1C06C009CA786 /* SMVersion.h */,
				DEBA174515CC91A500913CF8 /* Supporting Files */,
			);
			path = "stackmob-ios-push-sdk";
			sourceTree = "<group>";
		};
		DEBA174515CC91A500913CF8 /* Supporting Files */ = {
			isa = PBXGroup;
			children = (
				DEBA174615CC91A500913CF8 /* stackmob-ios-push-sdk-Prefix.pch */,
			);
			name = "Supporting Files";
			sourceTree = "<group>";
		};
		DEBA175815CC91A600913CF8 /* stackmob-ios-push-sdkTests */ = {
			isa = PBXGroup;
			children = (
				DEBA178815CC931800913CF8 /* SMPushClientSpec.m */,
				DEBA175915CC91A600913CF8 /* Supporting Files */,
			);
			path = "stackmob-ios-push-sdkTests";
			sourceTree = "<group>";
		};
		DEBA175915CC91A600913CF8 /* Supporting Files */ = {
			isa = PBXGroup;
			children = (
				DEBA175A15CC91A600913CF8 /* stackmob-ios-push-sdkTests-Info.plist */,
				DEBA175B15CC91A600913CF8 /* InfoPlist.strings */,
			);
			name = "Supporting Files";
			sourceTree = "<group>";
		};
		DEBA177215CC91B400913CF8 /* integration-tests */ = {
			isa = PBXGroup;
			children = (
				DEBA17A015CC945000913CF8 /* SMIntegrationTestHelpers.h */,
				DEBA17A115CC945000913CF8 /* SMIntegrationTestHelpers.m */,
				DEBA17A215CC945000913CF8 /* SMPushClientIntegrationSpec.m */,
				DEBA177315CC91B400913CF8 /* Supporting Files */,
			);
			path = "integration-tests";
			sourceTree = "<group>";
		};
		DEBA177315CC91B400913CF8 /* Supporting Files */ = {
			isa = PBXGroup;
			children = (
				56404F2915CCA439009CCAC1 /* StackMobCredentials.plist */,
				DEBA17A515CC945B00913CF8 /* StackMobCredentials.plist.example */,
				DEBA177415CC91B400913CF8 /* integration-tests-Info.plist */,
				DEBA177515CC91B400913CF8 /* InfoPlist.strings */,
				DEBA177B15CC91B400913CF8 /* integration-tests-Prefix.pch */,
			);
			name = "Supporting Files";
			sourceTree = "<group>";
		};
/* End PBXGroup section */

/* Begin PBXHeadersBuildPhase section */
		DEBA173D15CC91A500913CF8 /* Headers */ = {
			isa = PBXHeadersBuildPhase;
			buildActionMask = 2147483647;
			files = (
				DEBA179615CC935D00913CF8 /* SMJSONRequestOperation.h in Headers */,
				DEBA179815CC935D00913CF8 /* SMOAuth1Client.h in Headers */,
				DEBA179A15CC935D00913CF8 /* SMPushClient.h in Headers */,
				DEBA179C15CC935D00913CF8 /* SMPushToken.h in Headers */,
				DEBA179E15CC935D00913CF8 /* stackmob-ios-sdk-Prefix.pch in Headers */,
				DEBA179F15CC935D00913CF8 /* StackMobPush.h in Headers */,
				DE655D9615D1C06C009CA786 /* SMVersion.h in Headers */,
			);
			runOnlyForDeploymentPostprocessing = 0;
		};
/* End PBXHeadersBuildPhase section */

/* Begin PBXNativeTarget section */
		DEBA173E15CC91A500913CF8 /* stackmob-ios-push-sdk */ = {
			isa = PBXNativeTarget;
			buildConfigurationList = DEBA176315CC91A600913CF8 /* Build configuration list for PBXNativeTarget "stackmob-ios-push-sdk" */;
			buildPhases = (
				DEBA173B15CC91A500913CF8 /* Sources */,
				DEBA173C15CC91A500913CF8 /* Frameworks */,
				DEBA173D15CC91A500913CF8 /* Headers */,
				594B72278D824742BF441CFC /* Copy Pods Resources */,
			);
			buildRules = (
			);
			dependencies = (
			);
			name = "stackmob-ios-push-sdk";
			productName = "stackmob-ios-push-sdk";
			productReference = DEBA173F15CC91A500913CF8 /* libstackmob-ios-push-sdk.a */;
			productType = "com.apple.product-type.library.static";
		};
		DEBA174E15CC91A500913CF8 /* stackmob-ios-push-sdkTests */ = {
			isa = PBXNativeTarget;
			buildConfigurationList = DEBA176615CC91A600913CF8 /* Build configuration list for PBXNativeTarget "stackmob-ios-push-sdkTests" */;
			buildPhases = (
				DEBA174A15CC91A500913CF8 /* Sources */,
				DEBA174B15CC91A500913CF8 /* Frameworks */,
				DEBA174C15CC91A500913CF8 /* Resources */,
				DAB6DF19F5384B6BBCF62024 /* Copy Pods Resources */,
				DEBA174D15CC91A500913CF8 /* ShellScript */,
			);
			buildRules = (
			);
			dependencies = (
				DEBA175615CC91A600913CF8 /* PBXTargetDependency */,
			);
			name = "stackmob-ios-push-sdkTests";
			productName = "stackmob-ios-push-sdkTests";
			productReference = DEBA174F15CC91A500913CF8 /* stackmob-ios-push-sdkTests.octest */;
			productType = "com.apple.product-type.bundle";
		};
		DEBA176D15CC91B400913CF8 /* integration-tests */ = {
			isa = PBXNativeTarget;
			buildConfigurationList = DEBA177C15CC91B400913CF8 /* Build configuration list for PBXNativeTarget "integration-tests" */;
			buildPhases = (
				DEBA176915CC91B400913CF8 /* Sources */,
				DEBA176A15CC91B400913CF8 /* Frameworks */,
				DEBA176B15CC91B400913CF8 /* Resources */,
				CDF2A453657448819A754969 /* Copy Pods Resources */,
				DEBA176C15CC91B400913CF8 /* ShellScript */,
			);
			buildRules = (
			);
			dependencies = (
				DEBA17AE15CC97E000913CF8 /* PBXTargetDependency */,
			);
			name = "integration-tests";
			productName = "integration-tests";
			productReference = DEBA176E15CC91B400913CF8 /* integration-tests.octest */;
			productType = "com.apple.product-type.bundle";
		};
/* End PBXNativeTarget section */

/* Begin PBXProject section */
		DEBA173615CC91A500913CF8 /* Project object */ = {
			isa = PBXProject;
			attributes = {
				LastUpgradeCheck = 0430;
				ORGANIZATIONNAME = StackMob;
			};
			buildConfigurationList = DEBA173915CC91A500913CF8 /* Build configuration list for PBXProject "stackmob-ios-push-sdk" */;
			compatibilityVersion = "Xcode 3.2";
			developmentRegion = English;
			hasScannedForEncodings = 0;
			knownRegions = (
				en,
			);
			mainGroup = DEBA173415CC91A500913CF8;
			productRefGroup = DEBA174015CC91A500913CF8 /* Products */;
			projectDirPath = "";
			projectRoot = "";
			targets = (
				DEBA173E15CC91A500913CF8 /* stackmob-ios-push-sdk */,
				DEBA174E15CC91A500913CF8 /* stackmob-ios-push-sdkTests */,
				DEBA176D15CC91B400913CF8 /* integration-tests */,
			);
		};
/* End PBXProject section */

/* Begin PBXResourcesBuildPhase section */
		DEBA174C15CC91A500913CF8 /* Resources */ = {
			isa = PBXResourcesBuildPhase;
			buildActionMask = 2147483647;
			files = (
				DEBA175D15CC91A600913CF8 /* InfoPlist.strings in Resources */,
			);
			runOnlyForDeploymentPostprocessing = 0;
		};
		DEBA176B15CC91B400913CF8 /* Resources */ = {
			isa = PBXResourcesBuildPhase;
			buildActionMask = 2147483647;
			files = (
				DEBA177715CC91B400913CF8 /* InfoPlist.strings in Resources */,
				DEBA17A615CC945B00913CF8 /* StackMobCredentials.plist.example in Resources */,
				56404F2A15CCA439009CCAC1 /* StackMobCredentials.plist in Resources */,
			);
			runOnlyForDeploymentPostprocessing = 0;
		};
/* End PBXResourcesBuildPhase section */

/* Begin PBXShellScriptBuildPhase section */
		594B72278D824742BF441CFC /* Copy Pods Resources */ = {
			isa = PBXShellScriptBuildPhase;
			buildActionMask = 2147483647;
			files = (
			);
			inputPaths = (
			);
			name = "Copy Pods Resources";
			outputPaths = (
			);
			runOnlyForDeploymentPostprocessing = 0;
			shellPath = /bin/sh;
			shellScript = "\"${SRCROOT}/Pods/Pods-resources.sh\"\n";
		};
		CDF2A453657448819A754969 /* Copy Pods Resources */ = {
			isa = PBXShellScriptBuildPhase;
			buildActionMask = 2147483647;
			files = (
			);
			inputPaths = (
			);
			name = "Copy Pods Resources";
			outputPaths = (
			);
			runOnlyForDeploymentPostprocessing = 0;
			shellPath = /bin/sh;
			shellScript = "\"${SRCROOT}/Pods/Pods-integration-tests-resources.sh\"\n";
		};
		DAB6DF19F5384B6BBCF62024 /* Copy Pods Resources */ = {
			isa = PBXShellScriptBuildPhase;
			buildActionMask = 2147483647;
			files = (
			);
			inputPaths = (
			);
			name = "Copy Pods Resources";
			outputPaths = (
			);
			runOnlyForDeploymentPostprocessing = 0;
			shellPath = /bin/sh;
			shellScript = "\"${SRCROOT}/Pods/Pods-stackmob-ios-push-sdkTests-resources.sh\"\n";
		};
		DEBA174D15CC91A500913CF8 /* ShellScript */ = {
			isa = PBXShellScriptBuildPhase;
			buildActionMask = 2147483647;
			files = (
			);
			inputPaths = (
			);
			outputPaths = (
			);
			runOnlyForDeploymentPostprocessing = 0;
			shellPath = /bin/sh;
			shellScript = "# Run the unit tests in this test bundle.\n\"${SYSTEM_DEVELOPER_DIR}/Tools/RunUnitTests\"\n";
		};
		DEBA176C15CC91B400913CF8 /* ShellScript */ = {
			isa = PBXShellScriptBuildPhase;
			buildActionMask = 2147483647;
			files = (
			);
			inputPaths = (
			);
			outputPaths = (
			);
			runOnlyForDeploymentPostprocessing = 0;
			shellPath = /bin/sh;
			shellScript = "# Run the unit tests in this test bundle.\n\"${SYSTEM_DEVELOPER_DIR}/Tools/RunUnitTests\"\n";
		};
/* End PBXShellScriptBuildPhase section */

/* Begin PBXSourcesBuildPhase section */
		DEBA173B15CC91A500913CF8 /* Sources */ = {
			isa = PBXSourcesBuildPhase;
			buildActionMask = 2147483647;
			files = (
				DEBA179715CC935D00913CF8 /* SMJSONRequestOperation.m in Sources */,
				DEBA179915CC935D00913CF8 /* SMOAuth1Client.m in Sources */,
				DEBA179B15CC935D00913CF8 /* SMPushClient.m in Sources */,
				DEBA179D15CC935D00913CF8 /* SMPushToken.m in Sources */,
			);
			runOnlyForDeploymentPostprocessing = 0;
		};
		DEBA174A15CC91A500913CF8 /* Sources */ = {
			isa = PBXSourcesBuildPhase;
			buildActionMask = 2147483647;
			files = (
				DEBA178915CC931800913CF8 /* SMPushClientSpec.m in Sources */,
			);
			runOnlyForDeploymentPostprocessing = 0;
		};
		DEBA176915CC91B400913CF8 /* Sources */ = {
			isa = PBXSourcesBuildPhase;
			buildActionMask = 2147483647;
			files = (
				DEBA17A315CC945000913CF8 /* SMIntegrationTestHelpers.m in Sources */,
				DEBA17A415CC945000913CF8 /* SMPushClientIntegrationSpec.m in Sources */,
			);
			runOnlyForDeploymentPostprocessing = 0;
		};
/* End PBXSourcesBuildPhase section */

/* Begin PBXTargetDependency section */
		DEBA175615CC91A600913CF8 /* PBXTargetDependency */ = {
			isa = PBXTargetDependency;
			target = DEBA173E15CC91A500913CF8 /* stackmob-ios-push-sdk */;
			targetProxy = DEBA175515CC91A600913CF8 /* PBXContainerItemProxy */;
		};
		DEBA17AE15CC97E000913CF8 /* PBXTargetDependency */ = {
			isa = PBXTargetDependency;
			target = DEBA173E15CC91A500913CF8 /* stackmob-ios-push-sdk */;
			targetProxy = DEBA17AD15CC97E000913CF8 /* PBXContainerItemProxy */;
		};
/* End PBXTargetDependency section */

/* Begin PBXVariantGroup section */
		DEBA175B15CC91A600913CF8 /* InfoPlist.strings */ = {
			isa = PBXVariantGroup;
			children = (
				DEBA175C15CC91A600913CF8 /* en */,
			);
			name = InfoPlist.strings;
			sourceTree = "<group>";
		};
		DEBA177515CC91B400913CF8 /* InfoPlist.strings */ = {
			isa = PBXVariantGroup;
			children = (
				DEBA177615CC91B400913CF8 /* en */,
			);
			name = InfoPlist.strings;
			sourceTree = "<group>";
		};
/* End PBXVariantGroup section */

/* Begin XCBuildConfiguration section */
		DEBA176115CC91A600913CF8 /* Debug */ = {
			isa = XCBuildConfiguration;
			buildSettings = {
				ALWAYS_SEARCH_USER_PATHS = NO;
				ARCHS = "$(ARCHS_STANDARD_32_BIT)";
				CLANG_ENABLE_OBJC_ARC = YES;
				COPY_PHASE_STRIP = NO;
				GCC_C_LANGUAGE_STANDARD = gnu99;
				GCC_DYNAMIC_NO_PIC = NO;
				GCC_OPTIMIZATION_LEVEL = 0;
				GCC_PREPROCESSOR_DEFINITIONS = (
					"DEBUG=1",
					"$(inherited)",
				);
				GCC_SYMBOLS_PRIVATE_EXTERN = NO;
				GCC_VERSION = com.apple.compilers.llvm.clang.1_0;
				GCC_WARN_ABOUT_RETURN_TYPE = YES;
				GCC_WARN_UNINITIALIZED_AUTOS = YES;
				GCC_WARN_UNUSED_VARIABLE = YES;
				IPHONEOS_DEPLOYMENT_TARGET = 5.1;
				SDKROOT = iphoneos;
			};
			name = Debug;
		};
		DEBA176215CC91A600913CF8 /* Release */ = {
			isa = XCBuildConfiguration;
			buildSettings = {
				ALWAYS_SEARCH_USER_PATHS = NO;
				ARCHS = "$(ARCHS_STANDARD_32_BIT)";
				CLANG_ENABLE_OBJC_ARC = YES;
				COPY_PHASE_STRIP = YES;
				GCC_C_LANGUAGE_STANDARD = gnu99;
				GCC_VERSION = com.apple.compilers.llvm.clang.1_0;
				GCC_WARN_ABOUT_RETURN_TYPE = YES;
				GCC_WARN_UNINITIALIZED_AUTOS = YES;
				GCC_WARN_UNUSED_VARIABLE = YES;
				IPHONEOS_DEPLOYMENT_TARGET = 5.1;
				SDKROOT = iphoneos;
				VALIDATE_PRODUCT = YES;
			};
			name = Release;
		};
		DEBA176415CC91A600913CF8 /* Debug */ = {
			isa = XCBuildConfiguration;
			baseConfigurationReference = 14A9F201FA8347C5B1D4D6C3 /* Pods.xcconfig */;
			buildSettings = {
				DSTROOT = /tmp/stackmob_ios_push_sdk.dst;
				GCC_PRECOMPILE_PREFIX_HEADER = YES;
				GCC_PREFIX_HEADER = "stackmob-ios-push-sdk/stackmob-ios-push-sdk-Prefix.pch";
				OTHER_LDFLAGS = "-ObjC";
				PRODUCT_NAME = "$(TARGET_NAME)";
				SKIP_INSTALL = YES;
			};
			name = Debug;
		};
		DEBA176515CC91A600913CF8 /* Release */ = {
			isa = XCBuildConfiguration;
			baseConfigurationReference = 14A9F201FA8347C5B1D4D6C3 /* Pods.xcconfig */;
			buildSettings = {
				DSTROOT = /tmp/stackmob_ios_push_sdk.dst;
				GCC_PRECOMPILE_PREFIX_HEADER = YES;
				GCC_PREFIX_HEADER = "stackmob-ios-push-sdk/stackmob-ios-push-sdk-Prefix.pch";
				OTHER_LDFLAGS = "-ObjC";
				PRODUCT_NAME = "$(TARGET_NAME)";
				SKIP_INSTALL = YES;
			};
			name = Release;
		};
		DEBA176715CC91A600913CF8 /* Debug */ = {
			isa = XCBuildConfiguration;
			baseConfigurationReference = 62E062CD0C764A80BABDB4C6 /* Pods-stackmob-ios-push-sdkTests.xcconfig */;
			buildSettings = {
				FRAMEWORK_SEARCH_PATHS = (
					"$(SDKROOT)/Developer/Library/Frameworks",
					"$(DEVELOPER_LIBRARY_DIR)/Frameworks",
				);
				GCC_PRECOMPILE_PREFIX_HEADER = YES;
				GCC_PREFIX_HEADER = "stackmob-ios-push-sdk/stackmob-ios-push-sdk-Prefix.pch";
				INFOPLIST_FILE = "stackmob-ios-push-sdkTests/stackmob-ios-push-sdkTests-Info.plist";
				PRODUCT_NAME = "$(TARGET_NAME)";
				WRAPPER_EXTENSION = octest;
			};
			name = Debug;
		};
		DEBA176815CC91A600913CF8 /* Release */ = {
			isa = XCBuildConfiguration;
			baseConfigurationReference = 62E062CD0C764A80BABDB4C6 /* Pods-stackmob-ios-push-sdkTests.xcconfig */;
			buildSettings = {
				FRAMEWORK_SEARCH_PATHS = (
					"$(SDKROOT)/Developer/Library/Frameworks",
					"$(DEVELOPER_LIBRARY_DIR)/Frameworks",
				);
				GCC_PRECOMPILE_PREFIX_HEADER = YES;
				GCC_PREFIX_HEADER = "stackmob-ios-push-sdk/stackmob-ios-push-sdk-Prefix.pch";
				INFOPLIST_FILE = "stackmob-ios-push-sdkTests/stackmob-ios-push-sdkTests-Info.plist";
				PRODUCT_NAME = "$(TARGET_NAME)";
				WRAPPER_EXTENSION = octest;
			};
			name = Release;
		};
		DEBA177D15CC91B400913CF8 /* Debug */ = {
			isa = XCBuildConfiguration;
			baseConfigurationReference = 1A440B0D98AD42FDBC5B3441 /* Pods-integration-tests.xcconfig */;
			buildSettings = {
				FRAMEWORK_SEARCH_PATHS = (
					"$(SDKROOT)/Developer/Library/Frameworks",
					"$(DEVELOPER_LIBRARY_DIR)/Frameworks",
				);
				GCC_PRECOMPILE_PREFIX_HEADER = YES;
				GCC_PREFIX_HEADER = "integration-tests/integration-tests-Prefix.pch";
				INFOPLIST_FILE = "integration-tests/integration-tests-Info.plist";
				PRODUCT_NAME = "$(TARGET_NAME)";
				WRAPPER_EXTENSION = octest;
			};
			name = Debug;
		};
		DEBA177E15CC91B400913CF8 /* Release */ = {
			isa = XCBuildConfiguration;
			baseConfigurationReference = 1A440B0D98AD42FDBC5B3441 /* Pods-integration-tests.xcconfig */;
			buildSettings = {
				FRAMEWORK_SEARCH_PATHS = (
					"$(SDKROOT)/Developer/Library/Frameworks",
					"$(DEVELOPER_LIBRARY_DIR)/Frameworks",
				);
				GCC_PRECOMPILE_PREFIX_HEADER = YES;
				GCC_PREFIX_HEADER = "integration-tests/integration-tests-Prefix.pch";
				INFOPLIST_FILE = "integration-tests/integration-tests-Info.plist";
				PRODUCT_NAME = "$(TARGET_NAME)";
				WRAPPER_EXTENSION = octest;
			};
			name = Release;
		};
/* End XCBuildConfiguration section */

/* Begin XCConfigurationList section */
		DEBA173915CC91A500913CF8 /* Build configuration list for PBXProject "stackmob-ios-push-sdk" */ = {
			isa = XCConfigurationList;
			buildConfigurations = (
				DEBA176115CC91A600913CF8 /* Debug */,
				DEBA176215CC91A600913CF8 /* Release */,
			);
			defaultConfigurationIsVisible = 0;
			defaultConfigurationName = Release;
		};
		DEBA176315CC91A600913CF8 /* Build configuration list for PBXNativeTarget "stackmob-ios-push-sdk" */ = {
			isa = XCConfigurationList;
			buildConfigurations = (
				DEBA176415CC91A600913CF8 /* Debug */,
				DEBA176515CC91A600913CF8 /* Release */,
			);
			defaultConfigurationIsVisible = 0;
			defaultConfigurationName = Release;
		};
		DEBA176615CC91A600913CF8 /* Build configuration list for PBXNativeTarget "stackmob-ios-push-sdkTests" */ = {
			isa = XCConfigurationList;
			buildConfigurations = (
				DEBA176715CC91A600913CF8 /* Debug */,
				DEBA176815CC91A600913CF8 /* Release */,
			);
			defaultConfigurationIsVisible = 0;
			defaultConfigurationName = Release;
		};
		DEBA177C15CC91B400913CF8 /* Build configuration list for PBXNativeTarget "integration-tests" */ = {
			isa = XCConfigurationList;
			buildConfigurations = (
				DEBA177D15CC91B400913CF8 /* Debug */,
				DEBA177E15CC91B400913CF8 /* Release */,
			);
			defaultConfigurationIsVisible = 0;
			defaultConfigurationName = Release;
		};
/* End XCConfigurationList section */
	};
	rootObject = DEBA173615CC91A500913CF8 /* Project object */;
}
